
Microsoft Visual Studio Solution File, Format Version 12.00
# Visual Studio Version 17
VisualStudioVersion = 17.14.36717.8
MinimumVisualStudioVersion = 10.0.40219.1
Project("{FAE04EC0-301F-11D3-BF4B-00C04F79EFBC}") = "kursovaya", "kursovaya\kursovaya.csproj", "{37DB5094-CBC0-4B65-A0B8-056E5156C154}"
EndProject
Project("{2150E333-8FDC-42A3-9474-1A3956D46DE8}") = "Элементы решения", "Элементы решения", "{754FC069-D67B-A9D7-50A1-8D1CA196D8F1}"
EndProject
Global
	GlobalSection(SolutionConfigurationPlatforms) = preSolution
		Debug|Any CPU = Debug|Any CPU
		Release|Any CPU = Release|Any CPU
	EndGlobalSection
	GlobalSection(ProjectConfigurationPlatforms) = postSolution
		{37DB5094-CBC0-4B65-A0B8-056E5156C154}.Debug|Any CPU.ActiveCfg = Debug|Any CPU
		{37DB5094-CBC0-4B65-A0B8-056E5156C154}.Debug|Any CPU.Build.0 = Debug|Any CPU
		{37DB5094-CBC0-4B65-A0B8-056E5156C154}.Release|Any CPU.ActiveCfg = Release|Any CPU
		{37DB5094-CBC0-4B65-A0B8-056E5156C154}.Release|Any CPU.Build.0 = Release|Any CPU
	EndGlobalSection
	GlobalSection(SolutionProperties) = preSolution
		HideSolutionNode = FALSE
	EndGlobalSection
	GlobalSection(ExtensibilityGlobals) = postSolution
		SolutionGuid = {16C834F6-0643-4FF5-BA4C-675807FD22B5}
	EndGlobalSection
EndGlobal
